
Microsoft Visual Studio Solution File, Format Version 11.00
# Visual Studio 2010
Project("{FAE04EC0-301F-11D3-BF4B-00C04F79EFBC}") = "UnityMG.OpenId.Provider", "UnityMG.OpenId.Provider\UnityMG.OpenId.Provider.csproj", "{DEA97B33-AF8C-41BD-9CD7-D93805DCB670}"
EndProject
Project("{FAE04EC0-301F-11D3-BF4B-00C04F79EFBC}") = "UnityMG.OpenId.Provider.Tests", "UnityMG.OpenId.Provider.Tests\UnityMG.OpenId.Provider.Tests.csproj", "{A4C85C16-A26B-415B-918C-3AA143346876}"
EndProject
Project("{FAE04EC0-301F-11D3-BF4B-00C04F79EFBC}") = "UnityMG.OpenId.ClientSample", "UnityMG.OpenId.ClientSample\UnityMG.OpenId.ClientSample.csproj", "{6457F5EF-61BE-490A-8FF7-8B44647EA39B}"
EndProject
Global
	GlobalSection(SolutionConfigurationPlatforms) = preSolution
		Debug|Any CPU = Debug|Any CPU
		Release|Any CPU = Release|Any CPU
	EndGlobalSection
	GlobalSection(ProjectConfigurationPlatforms) = postSolution
		{DEA97B33-AF8C-41BD-9CD7-D93805DCB670}.Debug|Any CPU.ActiveCfg = Debug|Any CPU
		{DEA97B33-AF8C-41BD-9CD7-D93805DCB670}.Debug|Any CPU.Build.0 = Debug|Any CPU
		{DEA97B33-AF8C-41BD-9CD7-D93805DCB670}.Release|Any CPU.ActiveCfg = Release|Any CPU
		{DEA97B33-AF8C-41BD-9CD7-D93805DCB670}.Release|Any CPU.Build.0 = Release|Any CPU
		{A4C85C16-A26B-415B-918C-3AA143346876}.Debug|Any CPU.ActiveCfg = Debug|Any CPU
		{A4C85C16-A26B-415B-918C-3AA143346876}.Debug|Any CPU.Build.0 = Debug|Any CPU
		{A4C85C16-A26B-415B-918C-3AA143346876}.Release|Any CPU.ActiveCfg = Release|Any CPU
		{A4C85C16-A26B-415B-918C-3AA143346876}.Release|Any CPU.Build.0 = Release|Any CPU
		{6457F5EF-61BE-490A-8FF7-8B44647EA39B}.Debug|Any CPU.ActiveCfg = Debug|Any CPU
		{6457F5EF-61BE-490A-8FF7-8B44647EA39B}.Debug|Any CPU.Build.0 = Debug|Any CPU
		{6457F5EF-61BE-490A-8FF7-8B44647EA39B}.Release|Any CPU.ActiveCfg = Release|Any CPU
		{6457F5EF-61BE-490A-8FF7-8B44647EA39B}.Release|Any CPU.Build.0 = Release|Any CPU
	EndGlobalSection
	GlobalSection(SolutionProperties) = preSolution
		HideSolutionNode = FALSE
	EndGlobalSection
EndGlobal
